{
  "name": "groza-pwa",
  "version": "0.0.1",
  "lockfileVersion": 1,
  "requires": true,
  "dependencies": {
    "@babel/runtime": {
      "version": "7.7.4",
      "resolved": "https://registry.npmjs.org/@babel/runtime/-/runtime-7.7.4.tgz",
      "integrity": "sha512-r24eVUUr0QqNZa+qrImUk8fn5SPhHq+IfYvIoIMg0do3GdK9sMdiLKP3GYVVaxpPKORgm8KRKaNTEhAjgIpLMw==",
      "requires": {
        "regenerator-runtime": "^0.13.2"
      }
    },
    "react-head": {
      "version": "3.1.1",
      "resolved": "https://registry.npmjs.org/react-head/-/react-head-3.1.1.tgz",
      "integrity": "sha512-mazFkea4439J8wk0MJL0k9OV97AZUMJzf8pDE6VRgK94SYYhbuUusCvQYVeMpltz5qsVvdOCa9qhd3IPW5yfaA==",
      "requires": {
        "@babel/runtime": "^7.0.0",
        "tiny-invariant": "^1.0.0"
      }
    },
    "regenerator-runtime": {
      "version": "0.13.3",
      "resolved": "https://registry.npmjs.org/regenerator-runtime/-/regenerator-runtime-0.13.3.tgz",
      "integrity": "sha512-naKIZz2GQ8JWh///G7L3X6LaQUAMp2lvb1rvwwsURe/VXwD6VMfr+/1NuNw3ag8v2kY1aQ/go5SNn79O9JU7yw=="
    },
    "tiny-invariant": {
      "version": "1.0.6",
      "resolved": "https://registry.npmjs.org/tiny-invariant/-/tiny-invariant-1.0.6.tgz",
      "integrity": "sha512-FOyLWWVjG+aC0UqG76V53yAWdXfH8bO6FNmyZOuUrzDzK8DI3/JRY25UD7+g49JWM1LXwymsKERB+DzI0dTEQA=="
    }
  }
}
